{
  "name": "@test1-cli/core",
  "version": "1.0.2",
  "lockfileVersion": 3,
  "requires": true,
  "packages": {
    "": {
      "name": "@test1-cli/core",
      "version": "1.0.2",
      "license": "ISC",
      "dependencies": {
        "@test1-cli/utils": "^1.0.2"
      },
      "bin": {
        "test1-cli": "bin/index.js"
      }
    },
    "node_modules/@test1-cli/utils": {
      "version": "1.0.1",
      "resolved": "https://registry.npmjs.org/@test1-cli/utils/-/utils-1.0.1.tgz",
      "integrity": "sha512-Qk5RPi3J5b50/pt4fGXqSRKojVBpXbL7OlJTXTOQcgbEUDIHIR3YUsgWQmx6liiurOaXXwhLoUX7JldspC29Bw==",
      "license": "ISC"
    }
  }
}